// !$*UTF8*$!
{
	archiveVersion = 1;
	classes = {
	};
	objectVersion = 50;
	objects = {

/* Begin PBXBuildFile section */
		0484987D26D9307A006E3AED /* AppDelegate.m in Sources */ = {isa = PBXBuildFile; fileRef = 0484987C26D9307A006E3AED /* AppDelegate.m */; };
		0484988026D9307A006E3AED /* SceneDelegate.m in Sources */ = {isa = PBXBuildFile; fileRef = 0484987F26D9307A006E3AED /* SceneDelegate.m */; };
		0484988326D9307A006E3AED /* ViewController.m in Sources */ = {isa = PBXBuildFile; fileRef = 0484988226D9307A006E3AED /* ViewController.m */; };
		0484988626D9307A006E3AED /* Main.storyboard in Resources */ = {isa = PBXBuildFile; fileRef = 0484988426D9307A006E3AED /* Main.storyboard */; };
		0484988826D9307F006E3AED /* Assets.xcassets in Resources */ = {isa = PBXBuildFile; fileRef = 0484988726D9307F006E3AED /* Assets.xcassets */; };
		0484988B26D9307F006E3AED /* LaunchScreen.storyboard in Resources */ = {isa = PBXBuildFile; fileRef = 0484988926D9307F006E3AED /* LaunchScreen.storyboard */; };
		0484988E26D9307F006E3AED /* main.m in Sources */ = {isa = PBXBuildFile; fileRef = 0484988D26D9307F006E3AED /* main.m */; };
		0484989826D9307F006E3AED /* runtime_options__Tests.m in Sources */ = {isa = PBXBuildFile; fileRef = 0484989726D9307F006E3AED /* runtime_options__Tests.m */; };
		048498A326D9307F006E3AED /* runtime_options__UITests.m in Sources */ = {isa = PBXBuildFile; fileRef = 048498A226D9307F006E3AED /* runtime_options__UITests.m */; };
		048498B226DFC1CD006E3AED /* WSPerson.m in Sources */ = {isa = PBXBuildFile; fileRef = 048498B126DFC1CD006E3AED /* WSPerson.m */; };
		048498B526DFC280006E3AED /* WSCat.m in Sources */ = {isa = PBXBuildFile; fileRef = 048498B426DFC280006E3AED /* WSCat.m */; };
/* End PBXBuildFile section */

/* Begin PBXContainerItemProxy section */
		0484989426D9307F006E3AED /* PBXContainerItemProxy */ = {
			isa = PBXContainerItemProxy;
			containerPortal = 0484987026D9307A006E3AED /* Project object */;
			proxyType = 1;
			remoteGlobalIDString = 0484987726D9307A006E3AED;
			remoteInfo = "runtime options |";
		};
		0484989F26D9307F006E3AED /* PBXContainerItemProxy */ = {
			isa = PBXContainerItemProxy;
			containerPortal = 0484987026D9307A006E3AED /* Project object */;
			proxyType = 1;
			remoteGlobalIDString = 0484987726D9307A006E3AED;
			remoteInfo = "runtime options |";
		};
/* End PBXContainerItemProxy section */

/* Begin PBXFileReference section */
		0484987826D9307A006E3AED /* runtime options |.app */ = {isa = PBXFileReference; explicitFileType = wrapper.application; includeInIndex = 0; path = "runtime options |.app"; sourceTree = BUILT_PRODUCTS_DIR; };
		0484987B26D9307A006E3AED /* AppDelegate.h */ = {isa = PBXFileReference; lastKnownFileType = sourcecode.c.h; path = AppDelegate.h; sourceTree = "<group>"; };
		0484987C26D9307A006E3AED /* AppDelegate.m */ = {isa = PBXFileReference; lastKnownFileType = sourcecode.c.objc; path = AppDelegate.m; sourceTree = "<group>"; };
		0484987E26D9307A006E3AED /* SceneDelegate.h */ = {isa = PBXFileReference; lastKnownFileType = sourcecode.c.h; path = SceneDelegate.h; sourceTree = "<group>"; };
		0484987F26D9307A006E3AED /* SceneDelegate.m */ = {isa = PBXFileReference; lastKnownFileType = sourcecode.c.objc; path = SceneDelegate.m; sourceTree = "<group>"; };
		0484988126D9307A006E3AED /* ViewController.h */ = {isa = PBXFileReference; lastKnownFileType = sourcecode.c.h; path = ViewController.h; sourceTree = "<group>"; };
		0484988226D9307A006E3AED /* ViewController.m */ = {isa = PBXFileReference; lastKnownFileType = sourcecode.c.objc; path = ViewController.m; sourceTree = "<group>"; };
		0484988526D9307A006E3AED /* Base */ = {isa = PBXFileReference; lastKnownFileType = file.storyboard; name = Base; path = Base.lproj/Main.storyboard; sourceTree = "<group>"; };
		0484988726D9307F006E3AED /* Assets.xcassets */ = {isa = PBXFileReference; lastKnownFileType = folder.assetcatalog; path = Assets.xcassets; sourceTree = "<group>"; };
		0484988A26D9307F006E3AED /* Base */ = {isa = PBXFileReference; lastKnownFileType = file.storyboard; name = Base; path = Base.lproj/LaunchScreen.storyboard; sourceTree = "<group>"; };
		0484988C26D9307F006E3AED /* Info.plist */ = {isa = PBXFileReference; lastKnownFileType = text.plist.xml; path = Info.plist; sourceTree = "<group>"; };
		0484988D26D9307F006E3AED /* main.m */ = {isa = PBXFileReference; lastKnownFileType = sourcecode.c.objc; path = main.m; sourceTree = "<group>"; };
		0484989326D9307F006E3AED /* runtime options |Tests.xctest */ = {isa = PBXFileReference; explicitFileType = wrapper.cfbundle; includeInIndex = 0; path = "runtime options |Tests.xctest"; sourceTree = BUILT_PRODUCTS_DIR; };
		0484989726D9307F006E3AED /* runtime_options__Tests.m */ = {isa = PBXFileReference; lastKnownFileType = sourcecode.c.objc; path = runtime_options__Tests.m; sourceTree = "<group>"; };
		0484989926D9307F006E3AED /* Info.plist */ = {isa = PBXFileReference; lastKnownFileType = text.plist.xml; path = Info.plist; sourceTree = "<group>"; };
		0484989E26D9307F006E3AED /* runtime options |UITests.xctest */ = {isa = PBXFileReference; explicitFileType = wrapper.cfbundle; includeInIndex = 0; path = "runtime options |UITests.xctest"; sourceTree = BUILT_PRODUCTS_DIR; };
		048498A226D9307F006E3AED /* runtime_options__UITests.m */ = {isa = PBXFileReference; lastKnownFileType = sourcecode.c.objc; path = runtime_options__UITests.m; sourceTree = "<group>"; };
		048498A426D9307F006E3AED /* Info.plist */ = {isa = PBXFileReference; lastKnownFileType = text.plist.xml; path = Info.plist; sourceTree = "<group>"; };
		048498B026DFC1CD006E3AED /* WSPerson.h */ = {isa = PBXFileReference; lastKnownFileType = sourcecode.c.h; path = WSPerson.h; sourceTree = "<group>"; };
		048498B126DFC1CD006E3AED /* WSPerson.m */ = {isa = PBXFileReference; lastKnownFileType = sourcecode.c.objc; path = WSPerson.m; sourceTree = "<group>"; };
		048498B326DFC280006E3AED /* WSCat.h */ = {isa = PBXFileReference; lastKnownFileType = sourcecode.c.h; path = WSCat.h; sourceTree = "<group>"; };
		048498B426DFC280006E3AED /* WSCat.m */ = {isa = PBXFileReference; lastKnownFileType = sourcecode.c.objc; path = WSCat.m; sourceTree = "<group>"; };
/* End PBXFileReference section */

/* Begin PBXFrameworksBuildPhase section */
		0484987526D9307A006E3AED /* Frameworks */ = {
			isa = PBXFrameworksBuildPhase;
			buildActionMask = 2147483647;
			files = (
			);
			runOnlyForDeploymentPostprocessing = 0;
		};
		0484989026D9307F006E3AED /* Frameworks */ = {
			isa = PBXFrameworksBuildPhase;
			buildActionMask = 2147483647;
			files = (
			);
			runOnlyForDeploymentPostprocessing = 0;
		};
		0484989B26D9307F006E3AED /* Frameworks */ = {
			isa = PBXFrameworksBuildPhase;
			buildActionMask = 2147483647;
			files = (
			);
			runOnlyForDeploymentPostprocessing = 0;
		};
/* End PBXFrameworksBuildPhase section */

/* Begin PBXGroup section */
		0484986F26D9307A006E3AED = {
			isa = PBXGroup;
			children = (
				0484987A26D9307A006E3AED /* runtime options | */,
				0484989626D9307F006E3AED /* runtime options |Tests */,
				048498A126D9307F006E3AED /* runtime options |UITests */,
				0484987926D9307A006E3AED /* Products */,
			);
			sourceTree = "<group>";
		};
		0484987926D9307A006E3AED /* Products */ = {
			isa = PBXGroup;
			children = (
				0484987826D9307A006E3AED /* runtime options |.app */,
				0484989326D9307F006E3AED /* runtime options |Tests.xctest */,
				0484989E26D9307F006E3AED /* runtime options |UITests.xctest */,
			);
			name = Products;
			sourceTree = "<group>";
		};
		0484987A26D9307A006E3AED /* runtime options | */ = {
			isa = PBXGroup;
			children = (
				0484987B26D9307A006E3AED /* AppDelegate.h */,
				0484987C26D9307A006E3AED /* AppDelegate.m */,
				0484987E26D9307A006E3AED /* SceneDelegate.h */,
				0484987F26D9307A006E3AED /* SceneDelegate.m */,
				0484988126D9307A006E3AED /* ViewController.h */,
				0484988226D9307A006E3AED /* ViewController.m */,
				0484988426D9307A006E3AED /* Main.storyboard */,
				0484988726D9307F006E3AED /* Assets.xcassets */,
				0484988926D9307F006E3AED /* LaunchScreen.storyboard */,
				0484988C26D9307F006E3AED /* Info.plist */,
				0484988D26D9307F006E3AED /* main.m */,
				048498B026DFC1CD006E3AED /* WSPerson.h */,
				048498B126DFC1CD006E3AED /* WSPerson.m */,
				048498B326DFC280006E3AED /* WSCat.h */,
				048498B426DFC280006E3AED /* WSCat.m */,
			);
			path = "runtime options |";
			sourceTree = "<group>";
		};
		0484989626D9307F006E3AED /* runtime options |Tests */ = {
			isa = PBXGroup;
			children = (
				0484989726D9307F006E3AED /* runtime_options__Tests.m */,
				0484989926D9307F006E3AED /* Info.plist */,
			);
			path = "runtime options |Tests";
			sourceTree = "<group>";
		};
		048498A126D9307F006E3AED /* runtime options |UITests */ = {
			isa = PBXGroup;
			children = (
				048498A226D9307F006E3AED /* runtime_options__UITests.m */,
				048498A426D9307F006E3AED /* Info.plist */,
			);
			path = "runtime options |UITests";
			sourceTree = "<group>";
		};
/* End PBXGroup section */

/* Begin PBXNativeTarget section */
		0484987726D9307A006E3AED /* runtime options | */ = {
			isa = PBXNativeTarget;
			buildConfigurationList = 048498A726D9307F006E3AED /* Build configuration list for PBXNativeTarget "runtime options |" */;
			buildPhases = (
				0484987426D9307A006E3AED /* Sources */,
				0484987526D9307A006E3AED /* Frameworks */,
				0484987626D9307A006E3AED /* Resources */,
			);
			buildRules = (
			);
			dependencies = (
			);
			name = "runtime options |";
			productName = "runtime options |";
			productReference = 0484987826D9307A006E3AED /* runtime options |.app */;
			productType = "com.apple.product-type.application";
		};
		0484989226D9307F006E3AED /* runtime options |Tests */ = {
			isa = PBXNativeTarget;
			buildConfigurationList = 048498AA26D9307F006E3AED /* Build configuration list for PBXNativeTarget "runtime options |Tests" */;
			buildPhases = (
				0484988F26D9307F006E3AED /* Sources */,
				0484989026D9307F006E3AED /* Frameworks */,
				0484989126D9307F006E3AED /* Resources */,
			);
			buildRules = (
			);
			dependencies = (
				0484989526D9307F006E3AED /* PBXTargetDependency */,
			);
			name = "runtime options |Tests";
			productName = "runtime options |Tests";
			productReference = 0484989326D9307F006E3AED /* runtime options |Tests.xctest */;
			productType = "com.apple.product-type.bundle.unit-test";
		};
		0484989D26D9307F006E3AED /* runtime options |UITests */ = {
			isa = PBXNativeTarget;
			buildConfigurationList = 048498AD26D9307F006E3AED /* Build configuration list for PBXNativeTarget "runtime options |UITests" */;
			buildPhases = (
				0484989A26D9307F006E3AED /* Sources */,
				0484989B26D9307F006E3AED /* Frameworks */,
				0484989C26D9307F006E3AED /* Resources */,
			);
			buildRules = (
			);
			dependencies = (
				048498A026D9307F006E3AED /* PBXTargetDependency */,
			);
			name = "runtime options |UITests";
			productName = "runtime options |UITests";
			productReference = 0484989E26D9307F006E3AED /* runtime options |UITests.xctest */;
			productType = "com.apple.product-type.bundle.ui-testing";
		};
/* End PBXNativeTarget section */

/* Begin PBXProject section */
		0484987026D9307A006E3AED /* Project object */ = {
			isa = PBXProject;
			attributes = {
				LastUpgradeCheck = 1250;
				TargetAttributes = {
					0484987726D9307A006E3AED = {
						CreatedOnToolsVersion = 12.5.1;
					};
					0484989226D9307F006E3AED = {
						CreatedOnToolsVersion = 12.5.1;
						TestTargetID = 0484987726D9307A006E3AED;
					};
					0484989D26D9307F006E3AED = {
						CreatedOnToolsVersion = 12.5.1;
						TestTargetID = 0484987726D9307A006E3AED;
					};
				};
			};
			buildConfigurationList = 0484987326D9307A006E3AED /* Build configuration list for PBXProject "runtime options |" */;
			compatibilityVersion = "Xcode 9.3";
			developmentRegion = en;
			hasScannedForEncodings = 0;
			knownRegions = (
				en,
				Base,
			);
			mainGroup = 0484986F26D9307A006E3AED;
			productRefGroup = 0484987926D9307A006E3AED /* Products */;
			projectDirPath = "";
			projectRoot = "";
			targets = (
				0484987726D9307A006E3AED /* runtime options | */,
				0484989226D9307F006E3AED /* runtime options |Tests */,
				0484989D26D9307F006E3AED /* runtime options |UITests */,
			);
		};
/* End PBXProject section */

/* Begin PBXResourcesBuildPhase section */
		0484987626D9307A006E3AED /* Resources */ = {
			isa = PBXResourcesBuildPhase;
			buildActionMask = 2147483647;
			files = (
				0484988B26D9307F006E3AED /* LaunchScreen.storyboard in Resources */,
				0484988826D9307F006E3AED /* Assets.xcassets in Resources */,
				0484988626D9307A006E3AED /* Main.storyboard in Resources */,
			);
			runOnlyForDeploymentPostprocessing = 0;
		};
		0484989126D9307F006E3AED /* Resources */ = {
			isa = PBXResourcesBuildPhase;
			buildActionMask = 2147483647;
			files = (
			);
			runOnlyForDeploymentPostprocessing = 0;
		};
		0484989C26D9307F006E3AED /* Resources */ = {
			isa = PBXResourcesBuildPhase;
			buildActionMask = 2147483647;
			files = (
			);
			runOnlyForDeploymentPostprocessing = 0;
		};
/* End PBXResourcesBuildPhase section */

/* Begin PBXSourcesBuildPhase section */
		0484987426D9307A006E3AED /* Sources */ = {
			isa = PBXSourcesBuildPhase;
			buildActionMask = 2147483647;
			files = (
				048498B526DFC280006E3AED /* WSCat.m in Sources */,
				0484988326D9307A006E3AED /* ViewController.m in Sources */,
				0484987D26D9307A006E3AED /* AppDelegate.m in Sources */,
				0484988E26D9307F006E3AED /* main.m in Sources */,
				048498B226DFC1CD006E3AED /* WSPerson.m in Sources */,
				0484988026D9307A006E3AED /* SceneDelegate.m in Sources */,
			);
			runOnlyForDeploymentPostprocessing = 0;
		};
		0484988F26D9307F006E3AED /* Sources */ = {
			isa = PBXSourcesBuildPhase;
			buildActionMask = 2147483647;
			files = (
				0484989826D9307F006E3AED /* runtime_options__Tests.m in Sources */,
			);
			runOnlyForDeploymentPostprocessing = 0;
		};
		0484989A26D9307F006E3AED /* Sources */ = {
			isa = PBXSourcesBuildPhase;
			buildActionMask = 2147483647;
			files = (
				048498A326D9307F006E3AED /* runtime_options__UITests.m in Sources */,
			);
			runOnlyForDeploymentPostprocessing = 0;
		};
/* End PBXSourcesBuildPhase section */

/* Begin PBXTargetDependency section */
		0484989526D9307F006E3AED /* PBXTargetDependency */ = {
			isa = PBXTargetDependency;
			target = 0484987726D9307A006E3AED /* runtime options | */;
			targetProxy = 0484989426D9307F006E3AED /* PBXContainerItemProxy */;
		};
		048498A026D9307F006E3AED /* PBXTargetDependency */ = {
			isa = PBXTargetDependency;
			target = 0484987726D9307A006E3AED /* runtime options | */;
			targetProxy = 0484989F26D9307F006E3AED /* PBXContainerItemProxy */;
		};
/* End PBXTargetDependency section */

/* Begin PBXVariantGroup section */
		0484988426D9307A006E3AED /* Main.storyboard */ = {
			isa = PBXVariantGroup;
			children = (
				0484988526D9307A006E3AED /* Base */,
			);
			name = Main.storyboard;
			sourceTree = "<group>";
		};
		0484988926D9307F006E3AED /* LaunchScreen.storyboard */ = {
			isa = PBXVariantGroup;
			children = (
				0484988A26D9307F006E3AED /* Base */,
			);
			name = LaunchScreen.storyboard;
			sourceTree = "<group>";
		};
/* End PBXVariantGroup section */

/* Begin XCBuildConfiguration section */
		048498A526D9307F006E3AED /* Debug */ = {
			isa = XCBuildConfiguration;
			buildSettings = {
				ALWAYS_SEARCH_USER_PATHS = NO;
				CLANG_ANALYZER_NONNULL = YES;
				CLANG_ANALYZER_NUMBER_OBJECT_CONVERSION = YES_AGGRESSIVE;
				CLANG_CXX_LANGUAGE_STANDARD = "gnu++14";
				CLANG_CXX_LIBRARY = "libc++";
				CLANG_ENABLE_MODULES = YES;
				CLANG_ENABLE_OBJC_ARC = YES;
				CLANG_ENABLE_OBJC_WEAK = YES;
				CLANG_WARN_BLOCK_CAPTURE_AUTORELEASING = YES;
				CLANG_WARN_BOOL_CONVERSION = YES;
				CLANG_WARN_COMMA = YES;
				CLANG_WARN_CONSTANT_CONVERSION = YES;
				CLANG_WARN_DEPRECATED_OBJC_IMPLEMENTATIONS = YES;
				CLANG_WARN_DIRECT_OBJC_ISA_USAGE = YES_ERROR;
				CLANG_WARN_DOCUMENTATION_COMMENTS = YES;
				CLANG_WARN_EMPTY_BODY = YES;
				CLANG_WARN_ENUM_CONVERSION = YES;
				CLANG_WARN_INFINITE_RECURSION = YES;
				CLANG_WARN_INT_CONVERSION = YES;
				CLANG_WARN_NON_LITERAL_NULL_CONVERSION = YES;
				CLANG_WARN_OBJC_IMPLICIT_RETAIN_SELF = YES;
				CLANG_WARN_OBJC_LITERAL_CONVERSION = YES;
				CLANG_WARN_OBJC_ROOT_CLASS = YES_ERROR;
				CLANG_WARN_QUOTED_INCLUDE_IN_FRAMEWORK_HEADER = YES;
				CLANG_WARN_RANGE_LOOP_ANALYSIS = YES;
				CLANG_WARN_STRICT_PROTOTYPES = YES;
				CLANG_WARN_SUSPICIOUS_MOVE = YES;
				CLANG_WARN_UNGUARDED_AVAILABILITY = YES_AGGRESSIVE;
				CLANG_WARN_UNREACHABLE_CODE = YES;
				CLANG_WARN__DUPLICATE_METHOD_MATCH = YES;
				COPY_PHASE_STRIP = NO;
				DEBUG_INFORMATION_FORMAT = dwarf;
				ENABLE_STRICT_OBJC_MSGSEND = YES;
				ENABLE_TESTABILITY = YES;
				GCC_C_LANGUAGE_STANDARD = gnu11;
				GCC_DYNAMIC_NO_PIC = NO;
				GCC_NO_COMMON_BLOCKS = YES;
				GCC_OPTIMIZATION_LEVEL = 0;
				GCC_PREPROCESSOR_DEFINITIONS = (
					"DEBUG=1",
					"$(inherited)",
				);
				GCC_WARN_64_TO_32_BIT_CONVERSION = YES;
				GCC_WARN_ABOUT_RETURN_TYPE = YES_ERROR;
				GCC_WARN_UNDECLARED_SELECTOR = YES;
				GCC_WARN_UNINITIALIZED_AUTOS = YES_AGGRESSIVE;
				GCC_WARN_UNUSED_FUNCTION = YES;
				GCC_WARN_UNUSED_VARIABLE = YES;
				IPHONEOS_DEPLOYMENT_TARGET = 14.5;
				MTL_ENABLE_DEBUG_INFO = INCLUDE_SOURCE;
				MTL_FAST_MATH = YES;
				ONLY_ACTIVE_ARCH = YES;
				SDKROOT = iphoneos;
			};
			name = Debug;
		};
		048498A626D9307F006E3AED /* Release */ = {
			isa = XCBuildConfiguration;
			buildSettings = {
				ALWAYS_SEARCH_USER_PATHS = NO;
				CLANG_ANALYZER_NONNULL = YES;
				CLANG_ANALYZER_NUMBER_OBJECT_CONVERSION = YES_AGGRESSIVE;
				CLANG_CXX_LANGUAGE_STANDARD = "gnu++14";
				CLANG_CXX_LIBRARY = "libc++";
				CLANG_ENABLE_MODULES = YES;
				CLANG_ENABLE_OBJC_ARC = YES;
				CLANG_ENABLE_OBJC_WEAK = YES;
				CLANG_WARN_BLOCK_CAPTURE_AUTORELEASING = YES;
				CLANG_WARN_BOOL_CONVERSION = YES;
				CLANG_WARN_COMMA = YES;
				CLANG_WARN_CONSTANT_CONVERSION = YES;
				CLANG_WARN_DEPRECATED_OBJC_IMPLEMENTATIONS = YES;
				CLANG_WARN_DIRECT_OBJC_ISA_USAGE = YES_ERROR;
				CLANG_WARN_DOCUMENTATION_COMMENTS = YES;
				CLANG_WARN_EMPTY_BODY = YES;
				CLANG_WARN_ENUM_CONVERSION = YES;
				CLANG_WARN_INFINITE_RECURSION = YES;
				CLANG_WARN_INT_CONVERSION = YES;
				CLANG_WARN_NON_LITERAL_NULL_CONVERSION = YES;
				CLANG_WARN_OBJC_IMPLICIT_RETAIN_SELF = YES;
				CLANG_WARN_OBJC_LITERAL_CONVERSION = YES;
				CLANG_WARN_OBJC_ROOT_CLASS = YES_ERROR;
				CLANG_WARN_QUOTED_INCLUDE_IN_FRAMEWORK_HEADER = YES;
				CLANG_WARN_RANGE_LOOP_ANALYSIS = YES;
				CLANG_WARN_STRICT_PROTOTYPES = YES;
				CLANG_WARN_SUSPICIOUS_MOVE = YES;
				CLANG_WARN_UNGUARDED_AVAILABILITY = YES_AGGRESSIVE;
				CLANG_WARN_UNREACHABLE_CODE = YES;
				CLANG_WARN__DUPLICATE_METHOD_MATCH = YES;
				COPY_PHASE_STRIP = NO;
				DEBUG_INFORMATION_FORMAT = "dwarf-with-dsym";
				ENABLE_NS_ASSERTIONS = NO;
				ENABLE_STRICT_OBJC_MSGSEND = YES;
				GCC_C_LANGUAGE_STANDARD = gnu11;
				GCC_NO_COMMON_BLOCKS = YES;
				GCC_WARN_64_TO_32_BIT_CONVERSION = YES;
				GCC_WARN_ABOUT_RETURN_TYPE = YES_ERROR;
				GCC_WARN_UNDECLARED_SELECTOR = YES;
				GCC_WARN_UNINITIALIZED_AUTOS = YES_AGGRESSIVE;
				GCC_WARN_UNUSED_FUNCTION = YES;
				GCC_WARN_UNUSED_VARIABLE = YES;
				IPHONEOS_DEPLOYMENT_TARGET = 14.5;
				MTL_ENABLE_DEBUG_INFO = NO;
				MTL_FAST_MATH = YES;
				SDKROOT = iphoneos;
				VALIDATE_PRODUCT = YES;
			};
			name = Release;
		};
		048498A826D9307F006E3AED /* Debug */ = {
			isa = XCBuildConfiguration;
			buildSettings = {
				ASSETCATALOG_COMPILER_APPICON_NAME = AppIcon;
				ASSETCATALOG_COMPILER_GLOBAL_ACCENT_COLOR_NAME = AccentColor;
				CODE_SIGN_STYLE = Automatic;
				DEVELOPMENT_TEAM = 436QBZU98P;
				INFOPLIST_FILE = "runtime options |/Info.plist";
				LD_RUNPATH_SEARCH_PATHS = (
					"$(inherited)",
					"@executable_path/Frameworks",
				);
				PRODUCT_BUNDLE_IDENTIFIER = "com.runtime-options--";
				PRODUCT_NAME = "$(TARGET_NAME)";
				TARGETED_DEVICE_FAMILY = "1,2";
			};
			name = Debug;
		};
		048498A926D9307F006E3AED /* Release */ = {
			isa = XCBuildConfiguration;
			buildSettings = {
				ASSETCATALOG_COMPILER_APPICON_NAME = AppIcon;
				ASSETCATALOG_COMPILER_GLOBAL_ACCENT_COLOR_NAME = AccentColor;
				CODE_SIGN_STYLE = Automatic;
				DEVELOPMENT_TEAM = 436QBZU98P;
				INFOPLIST_FILE = "runtime options |/Info.plist";
				LD_RUNPATH_SEARCH_PATHS = (
					"$(inherited)",
					"@executable_path/Frameworks",
				);
				PRODUCT_BUNDLE_IDENTIFIER = "com.runtime-options--";
				PRODUCT_NAME = "$(TARGET_NAME)";
				TARGETED_DEVICE_FAMILY = "1,2";
			};
			name = Release;
		};
		048498AB26D9307F006E3AED /* Debug */ = {
			isa = XCBuildConfiguration;
			buildSettings = {
				BUNDLE_LOADER = "$(TEST_HOST)";
				CODE_SIGN_STYLE = Automatic;
				DEVELOPMENT_TEAM = 436QBZU98P;
				INFOPLIST_FILE = "runtime options |Tests/Info.plist";
				IPHONEOS_DEPLOYMENT_TARGET = 14.5;
				LD_RUNPATH_SEARCH_PATHS = (
					"$(inherited)",
					"@executable_path/Frameworks",
					"@loader_path/Frameworks",
				);
				PRODUCT_BUNDLE_IDENTIFIER = "com.runtime-options--Tests";
				PRODUCT_NAME = "$(TARGET_NAME)";
				TARGETED_DEVICE_FAMILY = "1,2";
				TEST_HOST = "$(BUILT_PRODUCTS_DIR)/runtime options |.app/runtime options |";
			};
			name = Debug;
		};
		048498AC26D9307F006E3AED /* Release */ = {
			isa = XCBuildConfiguration;
			buildSettings = {
				BUNDLE_LOADER = "$(TEST_HOST)";
				CODE_SIGN_STYLE = Automatic;
				DEVELOPMENT_TEAM = 436QBZU98P;
				INFOPLIST_FILE = "runtime options |Tests/Info.plist";
				IPHONEOS_DEPLOYMENT_TARGET = 14.5;
				LD_RUNPATH_SEARCH_PATHS = (
					"$(inherited)",
					"@executable_path/Frameworks",
					"@loader_path/Frameworks",
				);
				PRODUCT_BUNDLE_IDENTIFIER = "com.runtime-options--Tests";
				PRODUCT_NAME = "$(TARGET_NAME)";
				TARGETED_DEVICE_FAMILY = "1,2";
				TEST_HOST = "$(BUILT_PRODUCTS_DIR)/runtime options |.app/runtime options |";
			};
			name = Release;
		};
		048498AE26D9307F006E3AED /* Debug */ = {
			isa = XCBuildConfiguration;
			buildSettings = {
				CODE_SIGN_STYLE = Automatic;
				DEVELOPMENT_TEAM = 436QBZU98P;
				INFOPLIST_FILE = "runtime options |UITests/Info.plist";
				LD_RUNPATH_SEARCH_PATHS = (
					"$(inherited)",
					"@executable_path/Frameworks",
					"@loader_path/Frameworks",
				);
				PRODUCT_BUNDLE_IDENTIFIER = "com.runtime-options--UITests";
				PRODUCT_NAME = "$(TARGET_NAME)";
				TARGETED_DEVICE_FAMILY = "1,2";
				TEST_TARGET_NAME = "runtime options |";
			};
			name = Debug;
		};
		048498AF26D9307F006E3AED /* Release */ = {
			isa = XCBuildConfiguration;
			buildSettings = {
				CODE_SIGN_STYLE = Automatic;
				DEVELOPMENT_TEAM = 436QBZU98P;
				INFOPLIST_FILE = "runtime options |UITests/Info.plist";
				LD_RUNPATH_SEARCH_PATHS = (
					"$(inherited)",
					"@executable_path/Frameworks",
					"@loader_path/Frameworks",
				);
				PRODUCT_BUNDLE_IDENTIFIER = "com.runtime-options--UITests";
				PRODUCT_NAME = "$(TARGET_NAME)";
				TARGETED_DEVICE_FAMILY = "1,2";
				TEST_TARGET_NAME = "runtime options |";
			};
			name = Release;
		};
/* End XCBuildConfiguration section */

/* Begin XCConfigurationList section */
		0484987326D9307A006E3AED /* Build configuration list for PBXProject "runtime options |" */ = {
			isa = XCConfigurationList;
			buildConfigurations = (
				048498A526D9307F006E3AED /* Debug */,
				048498A626D9307F006E3AED /* Release */,
			);
			defaultConfigurationIsVisible = 0;
			defaultConfigurationName = Release;
		};
		048498A726D9307F006E3AED /* Build configuration list for PBXNativeTarget "runtime options |" */ = {
			isa = XCConfigurationList;
			buildConfigurations = (
				048498A826D9307F006E3AED /* Debug */,
				048498A926D9307F006E3AED /* Release */,
			);
			defaultConfigurationIsVisible = 0;
			defaultConfigurationName = Release;
		};
		048498AA26D9307F006E3AED /* Build configuration list for PBXNativeTarget "runtime options |Tests" */ = {
			isa = XCConfigurationList;
			buildConfigurations = (
				048498AB26D9307F006E3AED /* Debug */,
				048498AC26D9307F006E3AED /* Release */,
			);
			defaultConfigurationIsVisible = 0;
			defaultConfigurationName = Release;
		};
		048498AD26D9307F006E3AED /* Build configuration list for PBXNativeTarget "runtime options |UITests" */ = {
			isa = XCConfigurationList;
			buildConfigurations = (
				048498AE26D9307F006E3AED /* Debug */,
				048498AF26D9307F006E3AED /* Release */,
			);
			defaultConfigurationIsVisible = 0;
			defaultConfigurationName = Release;
		};
/* End XCConfigurationList section */
	};
	rootObject = 0484987026D9307A006E3AED /* Project object */;
}
