// !$*UTF8*$!
{
	archiveVersion = 1;
	classes = {
	};
	objectVersion = 50;
	objects = {

/* Begin PBXBuildFile section */
		04CD9AA326BFDEEA00033D5B /* main.m in Sources */ = {isa = PBXBuildFile; fileRef = 04CD9AA226BFDEEA00033D5B /* main.m */; };
		04CD9AAB26BFDEF900033D5B /* Person.m in Sources */ = {isa = PBXBuildFile; fileRef = 04CD9AAA26BFDEF900033D5B /* Person.m */; };
		04CD9AAE26BFDF0200033D5B /* Student.m in Sources */ = {isa = PBXBuildFile; fileRef = 04CD9AAD26BFDF0200033D5B /* Student.m */; };
		04CD9AB526BFF38F00033D5B /* Person+category.m in Sources */ = {isa = PBXBuildFile; fileRef = 04CD9AB326BFE68800033D5B /* Person+category.m */; };
		04CD9AB826BFF3BB00033D5B /* Student+categore.m in Sources */ = {isa = PBXBuildFile; fileRef = 04CD9AB726BFF3BB00033D5B /* Student+categore.m */; };
		04CD9AC426C02D0B00033D5B /* teacher.m in Sources */ = {isa = PBXBuildFile; fileRef = 04CD9AC326C02D0B00033D5B /* teacher.m */; };
		04CD9AC726C02E1000033D5B /* Person+person2.m in Sources */ = {isa = PBXBuildFile; fileRef = 04CD9AC626C02E1000033D5B /* Person+person2.m */; };
		04CD9ACA26C02E2300033D5B /* Person+person1.m in Sources */ = {isa = PBXBuildFile; fileRef = 04CD9AC926C02E2300033D5B /* Person+person1.m */; };
/* End PBXBuildFile section */

/* Begin PBXCopyFilesBuildPhase section */
		04CD9A9D26BFDEEA00033D5B /* CopyFiles */ = {
			isa = PBXCopyFilesBuildPhase;
			buildActionMask = 2147483647;
			dstPath = /usr/share/man/man1/;
			dstSubfolderSpec = 0;
			files = (
			);
			runOnlyForDeploymentPostprocessing = 1;
		};
/* End PBXCopyFilesBuildPhase section */

/* Begin PBXFileReference section */
		04CD9A9F26BFDEEA00033D5B /* Load,initialize */ = {isa = PBXFileReference; explicitFileType = "compiled.mach-o.executable"; includeInIndex = 0; path = "Load,initialize"; sourceTree = BUILT_PRODUCTS_DIR; };
		04CD9AA226BFDEEA00033D5B /* main.m */ = {isa = PBXFileReference; lastKnownFileType = sourcecode.c.objc; path = main.m; sourceTree = "<group>"; };
		04CD9AA926BFDEF900033D5B /* Person.h */ = {isa = PBXFileReference; lastKnownFileType = sourcecode.c.h; path = Person.h; sourceTree = "<group>"; };
		04CD9AAA26BFDEF900033D5B /* Person.m */ = {isa = PBXFileReference; lastKnownFileType = sourcecode.c.objc; path = Person.m; sourceTree = "<group>"; };
		04CD9AAC26BFDF0200033D5B /* Student.h */ = {isa = PBXFileReference; lastKnownFileType = sourcecode.c.h; path = Student.h; sourceTree = "<group>"; };
		04CD9AAD26BFDF0200033D5B /* Student.m */ = {isa = PBXFileReference; lastKnownFileType = sourcecode.c.objc; path = Student.m; sourceTree = "<group>"; };
		04CD9AB226BFE68800033D5B /* Person+category.h */ = {isa = PBXFileReference; lastKnownFileType = sourcecode.c.h; path = "Person+category.h"; sourceTree = "<group>"; };
		04CD9AB326BFE68800033D5B /* Person+category.m */ = {isa = PBXFileReference; lastKnownFileType = sourcecode.c.objc; path = "Person+category.m"; sourceTree = "<group>"; };
		04CD9AB626BFF3BB00033D5B /* Student+categore.h */ = {isa = PBXFileReference; lastKnownFileType = sourcecode.c.h; path = "Student+categore.h"; sourceTree = "<group>"; };
		04CD9AB726BFF3BB00033D5B /* Student+categore.m */ = {isa = PBXFileReference; lastKnownFileType = sourcecode.c.objc; path = "Student+categore.m"; sourceTree = "<group>"; };
		04CD9AC226C02D0B00033D5B /* teacher.h */ = {isa = PBXFileReference; lastKnownFileType = sourcecode.c.h; path = teacher.h; sourceTree = "<group>"; };
		04CD9AC326C02D0B00033D5B /* teacher.m */ = {isa = PBXFileReference; lastKnownFileType = sourcecode.c.objc; path = teacher.m; sourceTree = "<group>"; };
		04CD9AC526C02E1000033D5B /* Person+person2.h */ = {isa = PBXFileReference; lastKnownFileType = sourcecode.c.h; path = "Person+person2.h"; sourceTree = "<group>"; };
		04CD9AC626C02E1000033D5B /* Person+person2.m */ = {isa = PBXFileReference; lastKnownFileType = sourcecode.c.objc; path = "Person+person2.m"; sourceTree = "<group>"; };
		04CD9AC826C02E2300033D5B /* Person+person1.h */ = {isa = PBXFileReference; lastKnownFileType = sourcecode.c.h; path = "Person+person1.h"; sourceTree = "<group>"; };
		04CD9AC926C02E2300033D5B /* Person+person1.m */ = {isa = PBXFileReference; lastKnownFileType = sourcecode.c.objc; path = "Person+person1.m"; sourceTree = "<group>"; };
/* End PBXFileReference section */

/* Begin PBXFrameworksBuildPhase section */
		04CD9A9C26BFDEEA00033D5B /* Frameworks */ = {
			isa = PBXFrameworksBuildPhase;
			buildActionMask = 2147483647;
			files = (
			);
			runOnlyForDeploymentPostprocessing = 0;
		};
/* End PBXFrameworksBuildPhase section */

/* Begin PBXGroup section */
		04CD9A9626BFDEEA00033D5B = {
			isa = PBXGroup;
			children = (
				04CD9AA126BFDEEA00033D5B /* Load,initialize */,
				04CD9AA026BFDEEA00033D5B /* Products */,
			);
			sourceTree = "<group>";
		};
		04CD9AA026BFDEEA00033D5B /* Products */ = {
			isa = PBXGroup;
			children = (
				04CD9A9F26BFDEEA00033D5B /* Load,initialize */,
			);
			name = Products;
			sourceTree = "<group>";
		};
		04CD9AA126BFDEEA00033D5B /* Load,initialize */ = {
			isa = PBXGroup;
			children = (
				04CD9AA226BFDEEA00033D5B /* main.m */,
				04CD9AA926BFDEF900033D5B /* Person.h */,
				04CD9AAA26BFDEF900033D5B /* Person.m */,
				04CD9AB226BFE68800033D5B /* Person+category.h */,
				04CD9AB326BFE68800033D5B /* Person+category.m */,
				04CD9AC526C02E1000033D5B /* Person+person2.h */,
				04CD9AC626C02E1000033D5B /* Person+person2.m */,
				04CD9AC826C02E2300033D5B /* Person+person1.h */,
				04CD9AC926C02E2300033D5B /* Person+person1.m */,
				04CD9AAC26BFDF0200033D5B /* Student.h */,
				04CD9AAD26BFDF0200033D5B /* Student.m */,
				04CD9AB626BFF3BB00033D5B /* Student+categore.h */,
				04CD9AB726BFF3BB00033D5B /* Student+categore.m */,
				04CD9AC226C02D0B00033D5B /* teacher.h */,
				04CD9AC326C02D0B00033D5B /* teacher.m */,
			);
			path = "Load,initialize";
			sourceTree = "<group>";
		};
/* End PBXGroup section */

/* Begin PBXNativeTarget section */
		04CD9A9E26BFDEEA00033D5B /* Load,initialize */ = {
			isa = PBXNativeTarget;
			buildConfigurationList = 04CD9AA626BFDEEA00033D5B /* Build configuration list for PBXNativeTarget "Load,initialize" */;
			buildPhases = (
				04CD9A9B26BFDEEA00033D5B /* Sources */,
				04CD9A9C26BFDEEA00033D5B /* Frameworks */,
				04CD9A9D26BFDEEA00033D5B /* CopyFiles */,
			);
			buildRules = (
			);
			dependencies = (
			);
			name = "Load,initialize";
			productName = "Load,initialize";
			productReference = 04CD9A9F26BFDEEA00033D5B /* Load,initialize */;
			productType = "com.apple.product-type.tool";
		};
/* End PBXNativeTarget section */

/* Begin PBXProject section */
		04CD9A9726BFDEEA00033D5B /* Project object */ = {
			isa = PBXProject;
			attributes = {
				LastUpgradeCheck = 1250;
				TargetAttributes = {
					04CD9A9E26BFDEEA00033D5B = {
						CreatedOnToolsVersion = 12.5.1;
					};
				};
			};
			buildConfigurationList = 04CD9A9A26BFDEEA00033D5B /* Build configuration list for PBXProject "Load,initialize" */;
			compatibilityVersion = "Xcode 9.3";
			developmentRegion = en;
			hasScannedForEncodings = 0;
			knownRegions = (
				en,
				Base,
			);
			mainGroup = 04CD9A9626BFDEEA00033D5B;
			productRefGroup = 04CD9AA026BFDEEA00033D5B /* Products */;
			projectDirPath = "";
			projectRoot = "";
			targets = (
				04CD9A9E26BFDEEA00033D5B /* Load,initialize */,
			);
		};
/* End PBXProject section */

/* Begin PBXSourcesBuildPhase section */
		04CD9A9B26BFDEEA00033D5B /* Sources */ = {
			isa = PBXSourcesBuildPhase;
			buildActionMask = 2147483647;
			files = (
				04CD9AC426C02D0B00033D5B /* teacher.m in Sources */,
				04CD9AB526BFF38F00033D5B /* Person+category.m in Sources */,
				04CD9AB826BFF3BB00033D5B /* Student+categore.m in Sources */,
				04CD9AAE26BFDF0200033D5B /* Student.m in Sources */,
				04CD9AAB26BFDEF900033D5B /* Person.m in Sources */,
				04CD9ACA26C02E2300033D5B /* Person+person1.m in Sources */,
				04CD9AC726C02E1000033D5B /* Person+person2.m in Sources */,
				04CD9AA326BFDEEA00033D5B /* main.m in Sources */,
			);
			runOnlyForDeploymentPostprocessing = 0;
		};
/* End PBXSourcesBuildPhase section */

/* Begin XCBuildConfiguration section */
		04CD9AA426BFDEEA00033D5B /* Debug */ = {
			isa = XCBuildConfiguration;
			buildSettings = {
				ALWAYS_SEARCH_USER_PATHS = NO;
				CLANG_ANALYZER_NONNULL = YES;
				CLANG_ANALYZER_NUMBER_OBJECT_CONVERSION = YES_AGGRESSIVE;
				CLANG_CXX_LANGUAGE_STANDARD = "gnu++14";
				CLANG_CXX_LIBRARY = "libc++";
				CLANG_ENABLE_MODULES = YES;
				CLANG_ENABLE_OBJC_ARC = YES;
				CLANG_ENABLE_OBJC_WEAK = YES;
				CLANG_WARN_BLOCK_CAPTURE_AUTORELEASING = YES;
				CLANG_WARN_BOOL_CONVERSION = YES;
				CLANG_WARN_COMMA = YES;
				CLANG_WARN_CONSTANT_CONVERSION = YES;
				CLANG_WARN_DEPRECATED_OBJC_IMPLEMENTATIONS = YES;
				CLANG_WARN_DIRECT_OBJC_ISA_USAGE = YES_ERROR;
				CLANG_WARN_DOCUMENTATION_COMMENTS = YES;
				CLANG_WARN_EMPTY_BODY = YES;
				CLANG_WARN_ENUM_CONVERSION = YES;
				CLANG_WARN_INFINITE_RECURSION = YES;
				CLANG_WARN_INT_CONVERSION = YES;
				CLANG_WARN_NON_LITERAL_NULL_CONVERSION = YES;
				CLANG_WARN_OBJC_IMPLICIT_RETAIN_SELF = YES;
				CLANG_WARN_OBJC_LITERAL_CONVERSION = YES;
				CLANG_WARN_OBJC_ROOT_CLASS = YES_ERROR;
				CLANG_WARN_QUOTED_INCLUDE_IN_FRAMEWORK_HEADER = YES;
				CLANG_WARN_RANGE_LOOP_ANALYSIS = YES;
				CLANG_WARN_STRICT_PROTOTYPES = YES;
				CLANG_WARN_SUSPICIOUS_MOVE = YES;
				CLANG_WARN_UNGUARDED_AVAILABILITY = YES_AGGRESSIVE;
				CLANG_WARN_UNREACHABLE_CODE = YES;
				CLANG_WARN__DUPLICATE_METHOD_MATCH = YES;
				COPY_PHASE_STRIP = NO;
				DEBUG_INFORMATION_FORMAT = dwarf;
				ENABLE_STRICT_OBJC_MSGSEND = YES;
				ENABLE_TESTABILITY = YES;
				GCC_C_LANGUAGE_STANDARD = gnu11;
				GCC_DYNAMIC_NO_PIC = NO;
				GCC_NO_COMMON_BLOCKS = YES;
				GCC_OPTIMIZATION_LEVEL = 0;
				GCC_PREPROCESSOR_DEFINITIONS = (
					"DEBUG=1",
					"$(inherited)",
				);
				GCC_WARN_64_TO_32_BIT_CONVERSION = YES;
				GCC_WARN_ABOUT_RETURN_TYPE = YES_ERROR;
				GCC_WARN_UNDECLARED_SELECTOR = YES;
				GCC_WARN_UNINITIALIZED_AUTOS = YES_AGGRESSIVE;
				GCC_WARN_UNUSED_FUNCTION = YES;
				GCC_WARN_UNUSED_VARIABLE = YES;
				MACOSX_DEPLOYMENT_TARGET = 11.0;
				MTL_ENABLE_DEBUG_INFO = INCLUDE_SOURCE;
				MTL_FAST_MATH = YES;
				ONLY_ACTIVE_ARCH = YES;
				SDKROOT = macosx;
			};
			name = Debug;
		};
		04CD9AA526BFDEEA00033D5B /* Release */ = {
			isa = XCBuildConfiguration;
			buildSettings = {
				ALWAYS_SEARCH_USER_PATHS = NO;
				CLANG_ANALYZER_NONNULL = YES;
				CLANG_ANALYZER_NUMBER_OBJECT_CONVERSION = YES_AGGRESSIVE;
				CLANG_CXX_LANGUAGE_STANDARD = "gnu++14";
				CLANG_CXX_LIBRARY = "libc++";
				CLANG_ENABLE_MODULES = YES;
				CLANG_ENABLE_OBJC_ARC = YES;
				CLANG_ENABLE_OBJC_WEAK = YES;
				CLANG_WARN_BLOCK_CAPTURE_AUTORELEASING = YES;
				CLANG_WARN_BOOL_CONVERSION = YES;
				CLANG_WARN_COMMA = YES;
				CLANG_WARN_CONSTANT_CONVERSION = YES;
				CLANG_WARN_DEPRECATED_OBJC_IMPLEMENTATIONS = YES;
				CLANG_WARN_DIRECT_OBJC_ISA_USAGE = YES_ERROR;
				CLANG_WARN_DOCUMENTATION_COMMENTS = YES;
				CLANG_WARN_EMPTY_BODY = YES;
				CLANG_WARN_ENUM_CONVERSION = YES;
				CLANG_WARN_INFINITE_RECURSION = YES;
				CLANG_WARN_INT_CONVERSION = YES;
				CLANG_WARN_NON_LITERAL_NULL_CONVERSION = YES;
				CLANG_WARN_OBJC_IMPLICIT_RETAIN_SELF = YES;
				CLANG_WARN_OBJC_LITERAL_CONVERSION = YES;
				CLANG_WARN_OBJC_ROOT_CLASS = YES_ERROR;
				CLANG_WARN_QUOTED_INCLUDE_IN_FRAMEWORK_HEADER = YES;
				CLANG_WARN_RANGE_LOOP_ANALYSIS = YES;
				CLANG_WARN_STRICT_PROTOTYPES = YES;
				CLANG_WARN_SUSPICIOUS_MOVE = YES;
				CLANG_WARN_UNGUARDED_AVAILABILITY = YES_AGGRESSIVE;
				CLANG_WARN_UNREACHABLE_CODE = YES;
				CLANG_WARN__DUPLICATE_METHOD_MATCH = YES;
				COPY_PHASE_STRIP = NO;
				DEBUG_INFORMATION_FORMAT = "dwarf-with-dsym";
				ENABLE_NS_ASSERTIONS = NO;
				ENABLE_STRICT_OBJC_MSGSEND = YES;
				GCC_C_LANGUAGE_STANDARD = gnu11;
				GCC_NO_COMMON_BLOCKS = YES;
				GCC_WARN_64_TO_32_BIT_CONVERSION = YES;
				GCC_WARN_ABOUT_RETURN_TYPE = YES_ERROR;
				GCC_WARN_UNDECLARED_SELECTOR = YES;
				GCC_WARN_UNINITIALIZED_AUTOS = YES_AGGRESSIVE;
				GCC_WARN_UNUSED_FUNCTION = YES;
				GCC_WARN_UNUSED_VARIABLE = YES;
				MACOSX_DEPLOYMENT_TARGET = 11.0;
				MTL_ENABLE_DEBUG_INFO = NO;
				MTL_FAST_MATH = YES;
				SDKROOT = macosx;
			};
			name = Release;
		};
		04CD9AA726BFDEEA00033D5B /* Debug */ = {
			isa = XCBuildConfiguration;
			buildSettings = {
				CODE_SIGN_STYLE = Automatic;
				DEVELOPMENT_TEAM = 436QBZU98P;
				ENABLE_HARDENED_RUNTIME = YES;
				PRODUCT_NAME = "$(TARGET_NAME)";
			};
			name = Debug;
		};
		04CD9AA826BFDEEA00033D5B /* Release */ = {
			isa = XCBuildConfiguration;
			buildSettings = {
				CODE_SIGN_STYLE = Automatic;
				DEVELOPMENT_TEAM = 436QBZU98P;
				ENABLE_HARDENED_RUNTIME = YES;
				PRODUCT_NAME = "$(TARGET_NAME)";
			};
			name = Release;
		};
/* End XCBuildConfiguration section */

/* Begin XCConfigurationList section */
		04CD9A9A26BFDEEA00033D5B /* Build configuration list for PBXProject "Load,initialize" */ = {
			isa = XCConfigurationList;
			buildConfigurations = (
				04CD9AA426BFDEEA00033D5B /* Debug */,
				04CD9AA526BFDEEA00033D5B /* Release */,
			);
			defaultConfigurationIsVisible = 0;
			defaultConfigurationName = Release;
		};
		04CD9AA626BFDEEA00033D5B /* Build configuration list for PBXNativeTarget "Load,initialize" */ = {
			isa = XCConfigurationList;
			buildConfigurations = (
				04CD9AA726BFDEEA00033D5B /* Debug */,
				04CD9AA826BFDEEA00033D5B /* Release */,
			);
			defaultConfigurationIsVisible = 0;
			defaultConfigurationName = Release;
		};
/* End XCConfigurationList section */
	};
	rootObject = 04CD9A9726BFDEEA00033D5B /* Project object */;
}
