// !$*UTF8*$!
{
	archiveVersion = 1;
	classes = {
	};
	objectVersion = 50;
	objects = {

/* Begin PBXBuildFile section */
		04572AFE26E772F3004F53C4 /* AppDelegate.m in Sources */ = {isa = PBXBuildFile; fileRef = 04572AFD26E772F3004F53C4 /* AppDelegate.m */; };
		04572B0126E772F3004F53C4 /* SceneDelegate.m in Sources */ = {isa = PBXBuildFile; fileRef = 04572B0026E772F3004F53C4 /* SceneDelegate.m */; };
		04572B0426E772F3004F53C4 /* ViewController.m in Sources */ = {isa = PBXBuildFile; fileRef = 04572B0326E772F3004F53C4 /* ViewController.m */; };
		04572B0726E772F3004F53C4 /* Main.storyboard in Resources */ = {isa = PBXBuildFile; fileRef = 04572B0526E772F3004F53C4 /* Main.storyboard */; };
		04572B0926E772F5004F53C4 /* Assets.xcassets in Resources */ = {isa = PBXBuildFile; fileRef = 04572B0826E772F5004F53C4 /* Assets.xcassets */; };
		04572B0C26E772F5004F53C4 /* LaunchScreen.storyboard in Resources */ = {isa = PBXBuildFile; fileRef = 04572B0A26E772F5004F53C4 /* LaunchScreen.storyboard */; };
		04572B0F26E772F5004F53C4 /* main.m in Sources */ = {isa = PBXBuildFile; fileRef = 04572B0E26E772F5004F53C4 /* main.m */; };
		04572B1826E77323004F53C4 /* SecViewController.m in Sources */ = {isa = PBXBuildFile; fileRef = 04572B1726E77323004F53C4 /* SecViewController.m */; };
		04572B1C26E7767D004F53C4 /* TestModel.m in Sources */ = {isa = PBXBuildFile; fileRef = 04572B1B26E7767D004F53C4 /* TestModel.m */; };
		04A2B78726EEFD180019185C /* ViewController.m in Sources */ = {isa = PBXBuildFile; fileRef = 04572B0326E772F3004F53C4 /* ViewController.m */; };
		04A2B78826EEFD180019185C /* AppDelegate.m in Sources */ = {isa = PBXBuildFile; fileRef = 04572AFD26E772F3004F53C4 /* AppDelegate.m */; };
		04A2B78926EEFD180019185C /* main.m in Sources */ = {isa = PBXBuildFile; fileRef = 04572B0E26E772F5004F53C4 /* main.m */; };
		04A2B78A26EEFD180019185C /* TestModel.m in Sources */ = {isa = PBXBuildFile; fileRef = 04572B1B26E7767D004F53C4 /* TestModel.m */; };
		04A2B78B26EEFD180019185C /* SecViewController.m in Sources */ = {isa = PBXBuildFile; fileRef = 04572B1726E77323004F53C4 /* SecViewController.m */; };
		04A2B78C26EEFD180019185C /* SceneDelegate.m in Sources */ = {isa = PBXBuildFile; fileRef = 04572B0026E772F3004F53C4 /* SceneDelegate.m */; };
		04A2B78F26EEFD180019185C /* LaunchScreen.storyboard in Resources */ = {isa = PBXBuildFile; fileRef = 04572B0A26E772F5004F53C4 /* LaunchScreen.storyboard */; };
		04A2B79026EEFD180019185C /* Assets.xcassets in Resources */ = {isa = PBXBuildFile; fileRef = 04572B0826E772F5004F53C4 /* Assets.xcassets */; };
		04A2B79126EEFD180019185C /* Main.storyboard in Resources */ = {isa = PBXBuildFile; fileRef = 04572B0526E772F3004F53C4 /* Main.storyboard */; };
/* End PBXBuildFile section */

/* Begin PBXFileReference section */
		04572AF926E772F3004F53C4 /* UIKit 对象的内存管理.app */ = {isa = PBXFileReference; explicitFileType = wrapper.application; includeInIndex = 0; path = "UIKit 对象的内存管理.app"; sourceTree = BUILT_PRODUCTS_DIR; };
		04572AFC26E772F3004F53C4 /* AppDelegate.h */ = {isa = PBXFileReference; lastKnownFileType = sourcecode.c.h; path = AppDelegate.h; sourceTree = "<group>"; };
		04572AFD26E772F3004F53C4 /* AppDelegate.m */ = {isa = PBXFileReference; lastKnownFileType = sourcecode.c.objc; path = AppDelegate.m; sourceTree = "<group>"; };
		04572AFF26E772F3004F53C4 /* SceneDelegate.h */ = {isa = PBXFileReference; lastKnownFileType = sourcecode.c.h; path = SceneDelegate.h; sourceTree = "<group>"; };
		04572B0026E772F3004F53C4 /* SceneDelegate.m */ = {isa = PBXFileReference; lastKnownFileType = sourcecode.c.objc; path = SceneDelegate.m; sourceTree = "<group>"; };
		04572B0226E772F3004F53C4 /* ViewController.h */ = {isa = PBXFileReference; lastKnownFileType = sourcecode.c.h; path = ViewController.h; sourceTree = "<group>"; };
		04572B0326E772F3004F53C4 /* ViewController.m */ = {isa = PBXFileReference; lastKnownFileType = sourcecode.c.objc; path = ViewController.m; sourceTree = "<group>"; };
		04572B0626E772F3004F53C4 /* Base */ = {isa = PBXFileReference; lastKnownFileType = file.storyboard; name = Base; path = Base.lproj/Main.storyboard; sourceTree = "<group>"; };
		04572B0826E772F5004F53C4 /* Assets.xcassets */ = {isa = PBXFileReference; lastKnownFileType = folder.assetcatalog; path = Assets.xcassets; sourceTree = "<group>"; };
		04572B0B26E772F5004F53C4 /* Base */ = {isa = PBXFileReference; lastKnownFileType = file.storyboard; name = Base; path = Base.lproj/LaunchScreen.storyboard; sourceTree = "<group>"; };
		04572B0D26E772F5004F53C4 /* Info.plist */ = {isa = PBXFileReference; lastKnownFileType = text.plist.xml; path = Info.plist; sourceTree = "<group>"; };
		04572B0E26E772F5004F53C4 /* main.m */ = {isa = PBXFileReference; lastKnownFileType = sourcecode.c.objc; path = main.m; sourceTree = "<group>"; };
		04572B1626E77323004F53C4 /* SecViewController.h */ = {isa = PBXFileReference; lastKnownFileType = sourcecode.c.h; path = SecViewController.h; sourceTree = "<group>"; };
		04572B1726E77323004F53C4 /* SecViewController.m */ = {isa = PBXFileReference; lastKnownFileType = sourcecode.c.objc; path = SecViewController.m; sourceTree = "<group>"; };
		04572B1A26E7767D004F53C4 /* TestModel.h */ = {isa = PBXFileReference; lastKnownFileType = sourcecode.c.h; path = TestModel.h; sourceTree = "<group>"; };
		04572B1B26E7767D004F53C4 /* TestModel.m */ = {isa = PBXFileReference; lastKnownFileType = sourcecode.c.objc; path = TestModel.m; sourceTree = "<group>"; };
		04A2B79526EEFD180019185C /* WSUIKit.app */ = {isa = PBXFileReference; explicitFileType = wrapper.application; includeInIndex = 0; path = WSUIKit.app; sourceTree = BUILT_PRODUCTS_DIR; };
		04A2B79626EEFD180019185C /* UIKit 对象的内存管理 copy-Info.plist */ = {isa = PBXFileReference; lastKnownFileType = text.plist.xml; name = "UIKit 对象的内存管理 copy-Info.plist"; path = "/Users/mac/Documents/OC底层和逆向/MyCode/UIKit 对象的内存管理 17分享相关/UIKit 对象的内存管理 copy-Info.plist"; sourceTree = "<absolute>"; };
/* End PBXFileReference section */

/* Begin PBXFrameworksBuildPhase section */
		04572AF626E772F3004F53C4 /* Frameworks */ = {
			isa = PBXFrameworksBuildPhase;
			buildActionMask = 2147483647;
			files = (
			);
			runOnlyForDeploymentPostprocessing = 0;
		};
		04A2B78D26EEFD180019185C /* Frameworks */ = {
			isa = PBXFrameworksBuildPhase;
			buildActionMask = 2147483647;
			files = (
			);
			runOnlyForDeploymentPostprocessing = 0;
		};
/* End PBXFrameworksBuildPhase section */

/* Begin PBXGroup section */
		04572AF026E772F2004F53C4 = {
			isa = PBXGroup;
			children = (
				04572AFB26E772F3004F53C4 /* UIKit 对象的内存管理 */,
				04572AFA26E772F3004F53C4 /* Products */,
				04A2B79626EEFD180019185C /* UIKit 对象的内存管理 copy-Info.plist */,
			);
			sourceTree = "<group>";
		};
		04572AFA26E772F3004F53C4 /* Products */ = {
			isa = PBXGroup;
			children = (
				04572AF926E772F3004F53C4 /* UIKit 对象的内存管理.app */,
				04A2B79526EEFD180019185C /* WSUIKit.app */,
			);
			name = Products;
			sourceTree = "<group>";
		};
		04572AFB26E772F3004F53C4 /* UIKit 对象的内存管理 */ = {
			isa = PBXGroup;
			children = (
				04572B1926E77668004F53C4 /* Model */,
				04572B1526E77305004F53C4 /* ViewController */,
				04572AFC26E772F3004F53C4 /* AppDelegate.h */,
				04572AFD26E772F3004F53C4 /* AppDelegate.m */,
				04572AFF26E772F3004F53C4 /* SceneDelegate.h */,
				04572B0026E772F3004F53C4 /* SceneDelegate.m */,
				04572B0226E772F3004F53C4 /* ViewController.h */,
				04572B0326E772F3004F53C4 /* ViewController.m */,
				04572B0526E772F3004F53C4 /* Main.storyboard */,
				04572B0826E772F5004F53C4 /* Assets.xcassets */,
				04572B0A26E772F5004F53C4 /* LaunchScreen.storyboard */,
				04572B0D26E772F5004F53C4 /* Info.plist */,
				04572B0E26E772F5004F53C4 /* main.m */,
			);
			path = "UIKit 对象的内存管理";
			sourceTree = "<group>";
		};
		04572B1526E77305004F53C4 /* ViewController */ = {
			isa = PBXGroup;
			children = (
				04572B1626E77323004F53C4 /* SecViewController.h */,
				04572B1726E77323004F53C4 /* SecViewController.m */,
			);
			path = ViewController;
			sourceTree = "<group>";
		};
		04572B1926E77668004F53C4 /* Model */ = {
			isa = PBXGroup;
			children = (
				04572B1A26E7767D004F53C4 /* TestModel.h */,
				04572B1B26E7767D004F53C4 /* TestModel.m */,
			);
			path = Model;
			sourceTree = "<group>";
		};
/* End PBXGroup section */

/* Begin PBXNativeTarget section */
		04572AF826E772F3004F53C4 /* UIKit 对象的内存管理 */ = {
			isa = PBXNativeTarget;
			buildConfigurationList = 04572B1226E772F5004F53C4 /* Build configuration list for PBXNativeTarget "UIKit 对象的内存管理" */;
			buildPhases = (
				04572AF526E772F3004F53C4 /* Sources */,
				04572AF626E772F3004F53C4 /* Frameworks */,
				04572AF726E772F3004F53C4 /* Resources */,
			);
			buildRules = (
			);
			dependencies = (
			);
			name = "UIKit 对象的内存管理";
			productName = "UIKit 对象的内存管理";
			productReference = 04572AF926E772F3004F53C4 /* UIKit 对象的内存管理.app */;
			productType = "com.apple.product-type.application";
		};
		04A2B78526EEFD180019185C /* WSUIKit */ = {
			isa = PBXNativeTarget;
			buildConfigurationList = 04A2B79226EEFD180019185C /* Build configuration list for PBXNativeTarget "WSUIKit" */;
			buildPhases = (
				04A2B78626EEFD180019185C /* Sources */,
				04A2B78D26EEFD180019185C /* Frameworks */,
				04A2B78E26EEFD180019185C /* Resources */,
			);
			buildRules = (
			);
			dependencies = (
			);
			name = WSUIKit;
			productName = "UIKit 对象的内存管理";
			productReference = 04A2B79526EEFD180019185C /* WSUIKit.app */;
			productType = "com.apple.product-type.application";
		};
/* End PBXNativeTarget section */

/* Begin PBXProject section */
		04572AF126E772F3004F53C4 /* Project object */ = {
			isa = PBXProject;
			attributes = {
				LastUpgradeCheck = 1250;
				TargetAttributes = {
					04572AF826E772F3004F53C4 = {
						CreatedOnToolsVersion = 12.5.1;
					};
				};
			};
			buildConfigurationList = 04572AF426E772F3004F53C4 /* Build configuration list for PBXProject "UIKit 对象的内存管理" */;
			compatibilityVersion = "Xcode 9.3";
			developmentRegion = en;
			hasScannedForEncodings = 0;
			knownRegions = (
				en,
				Base,
			);
			mainGroup = 04572AF026E772F2004F53C4;
			productRefGroup = 04572AFA26E772F3004F53C4 /* Products */;
			projectDirPath = "";
			projectRoot = "";
			targets = (
				04572AF826E772F3004F53C4 /* UIKit 对象的内存管理 */,
				04A2B78526EEFD180019185C /* WSUIKit */,
			);
		};
/* End PBXProject section */

/* Begin PBXResourcesBuildPhase section */
		04572AF726E772F3004F53C4 /* Resources */ = {
			isa = PBXResourcesBuildPhase;
			buildActionMask = 2147483647;
			files = (
				04572B0C26E772F5004F53C4 /* LaunchScreen.storyboard in Resources */,
				04572B0926E772F5004F53C4 /* Assets.xcassets in Resources */,
				04572B0726E772F3004F53C4 /* Main.storyboard in Resources */,
			);
			runOnlyForDeploymentPostprocessing = 0;
		};
		04A2B78E26EEFD180019185C /* Resources */ = {
			isa = PBXResourcesBuildPhase;
			buildActionMask = 2147483647;
			files = (
				04A2B78F26EEFD180019185C /* LaunchScreen.storyboard in Resources */,
				04A2B79026EEFD180019185C /* Assets.xcassets in Resources */,
				04A2B79126EEFD180019185C /* Main.storyboard in Resources */,
			);
			runOnlyForDeploymentPostprocessing = 0;
		};
/* End PBXResourcesBuildPhase section */

/* Begin PBXSourcesBuildPhase section */
		04572AF526E772F3004F53C4 /* Sources */ = {
			isa = PBXSourcesBuildPhase;
			buildActionMask = 2147483647;
			files = (
				04572B0426E772F3004F53C4 /* ViewController.m in Sources */,
				04572AFE26E772F3004F53C4 /* AppDelegate.m in Sources */,
				04572B0F26E772F5004F53C4 /* main.m in Sources */,
				04572B1C26E7767D004F53C4 /* TestModel.m in Sources */,
				04572B1826E77323004F53C4 /* SecViewController.m in Sources */,
				04572B0126E772F3004F53C4 /* SceneDelegate.m in Sources */,
			);
			runOnlyForDeploymentPostprocessing = 0;
		};
		04A2B78626EEFD180019185C /* Sources */ = {
			isa = PBXSourcesBuildPhase;
			buildActionMask = 2147483647;
			files = (
				04A2B78726EEFD180019185C /* ViewController.m in Sources */,
				04A2B78826EEFD180019185C /* AppDelegate.m in Sources */,
				04A2B78926EEFD180019185C /* main.m in Sources */,
				04A2B78A26EEFD180019185C /* TestModel.m in Sources */,
				04A2B78B26EEFD180019185C /* SecViewController.m in Sources */,
				04A2B78C26EEFD180019185C /* SceneDelegate.m in Sources */,
			);
			runOnlyForDeploymentPostprocessing = 0;
		};
/* End PBXSourcesBuildPhase section */

/* Begin PBXVariantGroup section */
		04572B0526E772F3004F53C4 /* Main.storyboard */ = {
			isa = PBXVariantGroup;
			children = (
				04572B0626E772F3004F53C4 /* Base */,
			);
			name = Main.storyboard;
			sourceTree = "<group>";
		};
		04572B0A26E772F5004F53C4 /* LaunchScreen.storyboard */ = {
			isa = PBXVariantGroup;
			children = (
				04572B0B26E772F5004F53C4 /* Base */,
			);
			name = LaunchScreen.storyboard;
			sourceTree = "<group>";
		};
/* End PBXVariantGroup section */

/* Begin XCBuildConfiguration section */
		04572B1026E772F5004F53C4 /* Debug */ = {
			isa = XCBuildConfiguration;
			buildSettings = {
				ALWAYS_SEARCH_USER_PATHS = NO;
				CLANG_ANALYZER_NONNULL = YES;
				CLANG_ANALYZER_NUMBER_OBJECT_CONVERSION = YES_AGGRESSIVE;
				CLANG_CXX_LANGUAGE_STANDARD = "gnu++14";
				CLANG_CXX_LIBRARY = "libc++";
				CLANG_ENABLE_MODULES = YES;
				CLANG_ENABLE_OBJC_ARC = YES;
				CLANG_ENABLE_OBJC_WEAK = YES;
				CLANG_WARN_BLOCK_CAPTURE_AUTORELEASING = YES;
				CLANG_WARN_BOOL_CONVERSION = YES;
				CLANG_WARN_COMMA = YES;
				CLANG_WARN_CONSTANT_CONVERSION = YES;
				CLANG_WARN_DEPRECATED_OBJC_IMPLEMENTATIONS = YES;
				CLANG_WARN_DIRECT_OBJC_ISA_USAGE = YES_ERROR;
				CLANG_WARN_DOCUMENTATION_COMMENTS = YES;
				CLANG_WARN_EMPTY_BODY = YES;
				CLANG_WARN_ENUM_CONVERSION = YES;
				CLANG_WARN_INFINITE_RECURSION = YES;
				CLANG_WARN_INT_CONVERSION = YES;
				CLANG_WARN_NON_LITERAL_NULL_CONVERSION = YES;
				CLANG_WARN_OBJC_IMPLICIT_RETAIN_SELF = YES;
				CLANG_WARN_OBJC_LITERAL_CONVERSION = YES;
				CLANG_WARN_OBJC_ROOT_CLASS = YES_ERROR;
				CLANG_WARN_QUOTED_INCLUDE_IN_FRAMEWORK_HEADER = YES;
				CLANG_WARN_RANGE_LOOP_ANALYSIS = YES;
				CLANG_WARN_STRICT_PROTOTYPES = YES;
				CLANG_WARN_SUSPICIOUS_MOVE = YES;
				CLANG_WARN_UNGUARDED_AVAILABILITY = YES_AGGRESSIVE;
				CLANG_WARN_UNREACHABLE_CODE = YES;
				CLANG_WARN__DUPLICATE_METHOD_MATCH = YES;
				COPY_PHASE_STRIP = NO;
				DEBUG_INFORMATION_FORMAT = dwarf;
				ENABLE_STRICT_OBJC_MSGSEND = YES;
				ENABLE_TESTABILITY = YES;
				GCC_C_LANGUAGE_STANDARD = gnu11;
				GCC_DYNAMIC_NO_PIC = NO;
				GCC_NO_COMMON_BLOCKS = YES;
				GCC_OPTIMIZATION_LEVEL = 0;
				GCC_PREPROCESSOR_DEFINITIONS = (
					"DEBUG=1",
					"$(inherited)",
				);
				GCC_WARN_64_TO_32_BIT_CONVERSION = YES;
				GCC_WARN_ABOUT_RETURN_TYPE = YES_ERROR;
				GCC_WARN_UNDECLARED_SELECTOR = YES;
				GCC_WARN_UNINITIALIZED_AUTOS = YES_AGGRESSIVE;
				GCC_WARN_UNUSED_FUNCTION = YES;
				GCC_WARN_UNUSED_VARIABLE = YES;
				IPHONEOS_DEPLOYMENT_TARGET = 12.1;
				MTL_ENABLE_DEBUG_INFO = INCLUDE_SOURCE;
				MTL_FAST_MATH = YES;
				ONLY_ACTIVE_ARCH = YES;
				SDKROOT = iphoneos;
			};
			name = Debug;
		};
		04572B1126E772F5004F53C4 /* Release */ = {
			isa = XCBuildConfiguration;
			buildSettings = {
				ALWAYS_SEARCH_USER_PATHS = NO;
				CLANG_ANALYZER_NONNULL = YES;
				CLANG_ANALYZER_NUMBER_OBJECT_CONVERSION = YES_AGGRESSIVE;
				CLANG_CXX_LANGUAGE_STANDARD = "gnu++14";
				CLANG_CXX_LIBRARY = "libc++";
				CLANG_ENABLE_MODULES = YES;
				CLANG_ENABLE_OBJC_ARC = YES;
				CLANG_ENABLE_OBJC_WEAK = YES;
				CLANG_WARN_BLOCK_CAPTURE_AUTORELEASING = YES;
				CLANG_WARN_BOOL_CONVERSION = YES;
				CLANG_WARN_COMMA = YES;
				CLANG_WARN_CONSTANT_CONVERSION = YES;
				CLANG_WARN_DEPRECATED_OBJC_IMPLEMENTATIONS = YES;
				CLANG_WARN_DIRECT_OBJC_ISA_USAGE = YES_ERROR;
				CLANG_WARN_DOCUMENTATION_COMMENTS = YES;
				CLANG_WARN_EMPTY_BODY = YES;
				CLANG_WARN_ENUM_CONVERSION = YES;
				CLANG_WARN_INFINITE_RECURSION = YES;
				CLANG_WARN_INT_CONVERSION = YES;
				CLANG_WARN_NON_LITERAL_NULL_CONVERSION = YES;
				CLANG_WARN_OBJC_IMPLICIT_RETAIN_SELF = YES;
				CLANG_WARN_OBJC_LITERAL_CONVERSION = YES;
				CLANG_WARN_OBJC_ROOT_CLASS = YES_ERROR;
				CLANG_WARN_QUOTED_INCLUDE_IN_FRAMEWORK_HEADER = YES;
				CLANG_WARN_RANGE_LOOP_ANALYSIS = YES;
				CLANG_WARN_STRICT_PROTOTYPES = YES;
				CLANG_WARN_SUSPICIOUS_MOVE = YES;
				CLANG_WARN_UNGUARDED_AVAILABILITY = YES_AGGRESSIVE;
				CLANG_WARN_UNREACHABLE_CODE = YES;
				CLANG_WARN__DUPLICATE_METHOD_MATCH = YES;
				COPY_PHASE_STRIP = NO;
				DEBUG_INFORMATION_FORMAT = "dwarf-with-dsym";
				ENABLE_NS_ASSERTIONS = NO;
				ENABLE_STRICT_OBJC_MSGSEND = YES;
				GCC_C_LANGUAGE_STANDARD = gnu11;
				GCC_NO_COMMON_BLOCKS = YES;
				GCC_WARN_64_TO_32_BIT_CONVERSION = YES;
				GCC_WARN_ABOUT_RETURN_TYPE = YES_ERROR;
				GCC_WARN_UNDECLARED_SELECTOR = YES;
				GCC_WARN_UNINITIALIZED_AUTOS = YES_AGGRESSIVE;
				GCC_WARN_UNUSED_FUNCTION = YES;
				GCC_WARN_UNUSED_VARIABLE = YES;
				IPHONEOS_DEPLOYMENT_TARGET = 12.1;
				MTL_ENABLE_DEBUG_INFO = NO;
				MTL_FAST_MATH = YES;
				SDKROOT = iphoneos;
				VALIDATE_PRODUCT = YES;
			};
			name = Release;
		};
		04572B1326E772F5004F53C4 /* Debug */ = {
			isa = XCBuildConfiguration;
			buildSettings = {
				ASSETCATALOG_COMPILER_APPICON_NAME = AppIcon;
				ASSETCATALOG_COMPILER_GLOBAL_ACCENT_COLOR_NAME = AccentColor;
				CLANG_ENABLE_OBJC_ARC = YES;
				CODE_SIGN_STYLE = Automatic;
				DEVELOPMENT_TEAM = 436QBZU98P;
				INFOPLIST_FILE = "UIKit 对象的内存管理/Info.plist";
				LD_RUNPATH_SEARCH_PATHS = (
					"$(inherited)",
					"@executable_path/Frameworks",
				);
				PRODUCT_BUNDLE_IDENTIFIER = com.UIKitswsPersonalCenter;
				PRODUCT_NAME = "$(TARGET_NAME)";
				TARGETED_DEVICE_FAMILY = "1,2";
			};
			name = Debug;
		};
		04572B1426E772F5004F53C4 /* Release */ = {
			isa = XCBuildConfiguration;
			buildSettings = {
				ASSETCATALOG_COMPILER_APPICON_NAME = AppIcon;
				ASSETCATALOG_COMPILER_GLOBAL_ACCENT_COLOR_NAME = AccentColor;
				CLANG_ENABLE_OBJC_ARC = YES;
				CODE_SIGN_STYLE = Automatic;
				DEVELOPMENT_TEAM = 436QBZU98P;
				INFOPLIST_FILE = "UIKit 对象的内存管理/Info.plist";
				LD_RUNPATH_SEARCH_PATHS = (
					"$(inherited)",
					"@executable_path/Frameworks",
				);
				PRODUCT_BUNDLE_IDENTIFIER = com.UIKitswsPersonalCenter;
				PRODUCT_NAME = "$(TARGET_NAME)";
				TARGETED_DEVICE_FAMILY = "1,2";
			};
			name = Release;
		};
		04A2B79326EEFD180019185C /* Debug */ = {
			isa = XCBuildConfiguration;
			buildSettings = {
				ASSETCATALOG_COMPILER_APPICON_NAME = AppIcon;
				ASSETCATALOG_COMPILER_GLOBAL_ACCENT_COLOR_NAME = AccentColor;
				CLANG_ENABLE_OBJC_ARC = YES;
				CODE_SIGN_STYLE = Automatic;
				DEVELOPMENT_TEAM = 436QBZU98P;
				INFOPLIST_FILE = "UIKit 对象的内存管理 copy-Info.plist";
				LD_RUNPATH_SEARCH_PATHS = (
					"$(inherited)",
					"@executable_path/Frameworks",
				);
				PRODUCT_BUNDLE_IDENTIFIER = com.UIKitswsPersonalCenter;
				PRODUCT_NAME = "$(TARGET_NAME)";
				TARGETED_DEVICE_FAMILY = "1,2";
			};
			name = Debug;
		};
		04A2B79426EEFD180019185C /* Release */ = {
			isa = XCBuildConfiguration;
			buildSettings = {
				ASSETCATALOG_COMPILER_APPICON_NAME = AppIcon;
				ASSETCATALOG_COMPILER_GLOBAL_ACCENT_COLOR_NAME = AccentColor;
				CLANG_ENABLE_OBJC_ARC = YES;
				CODE_SIGN_STYLE = Automatic;
				DEVELOPMENT_TEAM = 436QBZU98P;
				INFOPLIST_FILE = "UIKit 对象的内存管理 copy-Info.plist";
				LD_RUNPATH_SEARCH_PATHS = (
					"$(inherited)",
					"@executable_path/Frameworks",
				);
				PRODUCT_BUNDLE_IDENTIFIER = com.UIKitswsPersonalCenter;
				PRODUCT_NAME = "$(TARGET_NAME)";
				TARGETED_DEVICE_FAMILY = "1,2";
			};
			name = Release;
		};
/* End XCBuildConfiguration section */

/* Begin XCConfigurationList section */
		04572AF426E772F3004F53C4 /* Build configuration list for PBXProject "UIKit 对象的内存管理" */ = {
			isa = XCConfigurationList;
			buildConfigurations = (
				04572B1026E772F5004F53C4 /* Debug */,
				04572B1126E772F5004F53C4 /* Release */,
			);
			defaultConfigurationIsVisible = 0;
			defaultConfigurationName = Release;
		};
		04572B1226E772F5004F53C4 /* Build configuration list for PBXNativeTarget "UIKit 对象的内存管理" */ = {
			isa = XCConfigurationList;
			buildConfigurations = (
				04572B1326E772F5004F53C4 /* Debug */,
				04572B1426E772F5004F53C4 /* Release */,
			);
			defaultConfigurationIsVisible = 0;
			defaultConfigurationName = Release;
		};
		04A2B79226EEFD180019185C /* Build configuration list for PBXNativeTarget "WSUIKit" */ = {
			isa = XCConfigurationList;
			buildConfigurations = (
				04A2B79326EEFD180019185C /* Debug */,
				04A2B79426EEFD180019185C /* Release */,
			);
			defaultConfigurationIsVisible = 0;
			defaultConfigurationName = Release;
		};
/* End XCConfigurationList section */
	};
	rootObject = 04572AF126E772F3004F53C4 /* Project object */;
}
